{
  "name": "cyia-ngx-log",
  "version": "1.1.1",
  "lockfileVersion": 1,
  "requires": true,
  "dependencies": {
    "cyia-ngx-common": {
      "version": "1.1.4",
      "resolved": "https://registry.npmjs.org/cyia-ngx-common/-/cyia-ngx-common-1.1.4.tgz",
      "integrity": "sha512-vN+5rOEXwSkpduuTpgE1kCXSwAML36a69vAqH00qYXE/sBR9BhQPhI2AR0CcDZPZJ38v7H9foRK8Qp/zA/BhhQ=="
    },
    "zone.js": {
      "version": "0.8.26",
      "resolved": "https://registry.npmjs.org/zone.js/-/zone.js-0.8.26.tgz",
      "integrity": "sha512-W9Nj+UmBJG251wkCacIkETgra4QgBo/vgoEkb4a2uoLzpQG7qF9nzwoLXWU5xj3Fg2mxGvEDh47mg24vXccYjA=="
    }
  }
}
